
Microsoft Visual Studio Solution File, Format Version 12.00
# Visual Studio 15
VisualStudioVersion = 15.0.27130.2010
MinimumVisualStudioVersion = 10.0.40219.1
Project("{9A19103F-16F7-4668-BE54-9A1E7A4F7556}") = "Msv.AutoMiner.Common", "Msv.AutoMiner.Common\Msv.AutoMiner.Common.csproj", "{797E8EA0-EAC0-416A-A5EB-74A79802C7DD}"
EndProject
Project("{9A19103F-16F7-4668-BE54-9A1E7A4F7556}") = "Msv.AutoMiner.Data", "Msv.AutoMiner.Data\Msv.AutoMiner.Data.csproj", "{52FAC75A-6040-4B0A-B96A-86A219A2B45E}"
EndProject
Project("{9A19103F-16F7-4668-BE54-9A1E7A4F7556}") = "Msv.AutoMiner.CoinInfoService", "Msv.AutoMiner.CoinInfoService\Msv.AutoMiner.CoinInfoService.csproj", "{8328CC53-7064-4433-B555-251A661F9522}"
EndProject
Project("{9A19103F-16F7-4668-BE54-9A1E7A4F7556}") = "Msv.AutoMiner.ControlCenterService", "Msv.AutoMiner.ControlCenterService\Msv.AutoMiner.ControlCenterService.csproj", "{51A7C61D-F73E-4EB8-AD92-2B60B693F2F3}"
EndProject
Project("{FAE04EC0-301F-11D3-BF4B-00C04F79EFBC}") = "Msv.AutoMiner.Rig", "Msv.AutoMiner.Rig\Msv.AutoMiner.Rig.csproj", "{84DA405E-8947-4DFD-9E92-0CB5E7CFDFA7}"
EndProject
Project("{9A19103F-16F7-4668-BE54-9A1E7A4F7556}") = "Msv.AutoMiner.FrontEnd", "Msv.AutoMiner.FrontEnd\Msv.AutoMiner.FrontEnd.csproj", "{4C3BD955-EEA5-45B6-9B76-E8542C678AA4}"
EndProject
Project("{9A19103F-16F7-4668-BE54-9A1E7A4F7556}") = "Msv.BrowserCheckBypassing", "Msv.BrowserCheckBypassing\Msv.BrowserCheckBypassing.csproj", "{C6256F8B-5428-4F50-9255-163A367A63D1}"
EndProject
Project("{9A19103F-16F7-4668-BE54-9A1E7A4F7556}") = "Msv.HttpTools", "Msv.HttpTools\Msv.HttpTools.csproj", "{7CE2CC12-5953-44E1-8095-D18E1D6A0272}"
EndProject
Global
	GlobalSection(SolutionConfigurationPlatforms) = preSolution
		Debug|Any CPU = Debug|Any CPU
		Debug|x64 = Debug|x64
		Release|Any CPU = Release|Any CPU
		Release|x64 = Release|x64
	EndGlobalSection
	GlobalSection(ProjectConfigurationPlatforms) = postSolution
		{797E8EA0-EAC0-416A-A5EB-74A79802C7DD}.Debug|Any CPU.ActiveCfg = Debug|x64
		{797E8EA0-EAC0-416A-A5EB-74A79802C7DD}.Debug|Any CPU.Build.0 = Debug|x64
		{797E8EA0-EAC0-416A-A5EB-74A79802C7DD}.Debug|x64.ActiveCfg = Debug|Any CPU
		{797E8EA0-EAC0-416A-A5EB-74A79802C7DD}.Debug|x64.Build.0 = Debug|Any CPU
		{797E8EA0-EAC0-416A-A5EB-74A79802C7DD}.Release|Any CPU.ActiveCfg = Release|Any CPU
		{797E8EA0-EAC0-416A-A5EB-74A79802C7DD}.Release|Any CPU.Build.0 = Release|Any CPU
		{797E8EA0-EAC0-416A-A5EB-74A79802C7DD}.Release|x64.ActiveCfg = Release|Any CPU
		{797E8EA0-EAC0-416A-A5EB-74A79802C7DD}.Release|x64.Build.0 = Release|Any CPU
		{52FAC75A-6040-4B0A-B96A-86A219A2B45E}.Debug|Any CPU.ActiveCfg = Debug|x64
		{52FAC75A-6040-4B0A-B96A-86A219A2B45E}.Debug|Any CPU.Build.0 = Debug|x64
		{52FAC75A-6040-4B0A-B96A-86A219A2B45E}.Debug|x64.ActiveCfg = Debug|Any CPU
		{52FAC75A-6040-4B0A-B96A-86A219A2B45E}.Debug|x64.Build.0 = Debug|Any CPU
		{52FAC75A-6040-4B0A-B96A-86A219A2B45E}.Release|Any CPU.ActiveCfg = Release|Any CPU
		{52FAC75A-6040-4B0A-B96A-86A219A2B45E}.Release|Any CPU.Build.0 = Release|Any CPU
		{52FAC75A-6040-4B0A-B96A-86A219A2B45E}.Release|x64.ActiveCfg = Release|Any CPU
		{52FAC75A-6040-4B0A-B96A-86A219A2B45E}.Release|x64.Build.0 = Release|Any CPU
		{8328CC53-7064-4433-B555-251A661F9522}.Debug|Any CPU.ActiveCfg = Debug|x64
		{8328CC53-7064-4433-B555-251A661F9522}.Debug|Any CPU.Build.0 = Debug|x64
		{8328CC53-7064-4433-B555-251A661F9522}.Debug|x64.ActiveCfg = Debug|Any CPU
		{8328CC53-7064-4433-B555-251A661F9522}.Debug|x64.Build.0 = Debug|Any CPU
		{8328CC53-7064-4433-B555-251A661F9522}.Release|Any CPU.ActiveCfg = Release|Any CPU
		{8328CC53-7064-4433-B555-251A661F9522}.Release|Any CPU.Build.0 = Release|Any CPU
		{8328CC53-7064-4433-B555-251A661F9522}.Release|x64.ActiveCfg = Release|Any CPU
		{8328CC53-7064-4433-B555-251A661F9522}.Release|x64.Build.0 = Release|Any CPU
		{51A7C61D-F73E-4EB8-AD92-2B60B693F2F3}.Debug|Any CPU.ActiveCfg = Debug|x64
		{51A7C61D-F73E-4EB8-AD92-2B60B693F2F3}.Debug|Any CPU.Build.0 = Debug|x64
		{51A7C61D-F73E-4EB8-AD92-2B60B693F2F3}.Debug|x64.ActiveCfg = Debug|Any CPU
		{51A7C61D-F73E-4EB8-AD92-2B60B693F2F3}.Debug|x64.Build.0 = Debug|Any CPU
		{51A7C61D-F73E-4EB8-AD92-2B60B693F2F3}.Release|Any CPU.ActiveCfg = Release|Any CPU
		{51A7C61D-F73E-4EB8-AD92-2B60B693F2F3}.Release|Any CPU.Build.0 = Release|Any CPU
		{51A7C61D-F73E-4EB8-AD92-2B60B693F2F3}.Release|x64.ActiveCfg = Release|Any CPU
		{51A7C61D-F73E-4EB8-AD92-2B60B693F2F3}.Release|x64.Build.0 = Release|Any CPU
		{84DA405E-8947-4DFD-9E92-0CB5E7CFDFA7}.Debug|Any CPU.ActiveCfg = Debug|x64
		{84DA405E-8947-4DFD-9E92-0CB5E7CFDFA7}.Debug|Any CPU.Build.0 = Debug|x64
		{84DA405E-8947-4DFD-9E92-0CB5E7CFDFA7}.Debug|x64.ActiveCfg = Debug|Any CPU
		{84DA405E-8947-4DFD-9E92-0CB5E7CFDFA7}.Debug|x64.Build.0 = Debug|Any CPU
		{84DA405E-8947-4DFD-9E92-0CB5E7CFDFA7}.Release|Any CPU.ActiveCfg = Release|Any CPU
		{84DA405E-8947-4DFD-9E92-0CB5E7CFDFA7}.Release|Any CPU.Build.0 = Release|Any CPU
		{84DA405E-8947-4DFD-9E92-0CB5E7CFDFA7}.Release|x64.ActiveCfg = Release|Any CPU
		{84DA405E-8947-4DFD-9E92-0CB5E7CFDFA7}.Release|x64.Build.0 = Release|Any CPU
		{4C3BD955-EEA5-45B6-9B76-E8542C678AA4}.Debug|Any CPU.ActiveCfg = Debug|Any CPU
		{4C3BD955-EEA5-45B6-9B76-E8542C678AA4}.Debug|Any CPU.Build.0 = Debug|Any CPU
		{4C3BD955-EEA5-45B6-9B76-E8542C678AA4}.Debug|x64.ActiveCfg = Debug|Any CPU
		{4C3BD955-EEA5-45B6-9B76-E8542C678AA4}.Debug|x64.Build.0 = Debug|Any CPU
		{4C3BD955-EEA5-45B6-9B76-E8542C678AA4}.Release|Any CPU.ActiveCfg = Release|Any CPU
		{4C3BD955-EEA5-45B6-9B76-E8542C678AA4}.Release|Any CPU.Build.0 = Release|Any CPU
		{4C3BD955-EEA5-45B6-9B76-E8542C678AA4}.Release|x64.ActiveCfg = Release|Any CPU
		{4C3BD955-EEA5-45B6-9B76-E8542C678AA4}.Release|x64.Build.0 = Release|Any CPU
		{C6256F8B-5428-4F50-9255-163A367A63D1}.Debug|Any CPU.ActiveCfg = Debug|Any CPU
		{C6256F8B-5428-4F50-9255-163A367A63D1}.Debug|Any CPU.Build.0 = Debug|Any CPU
		{C6256F8B-5428-4F50-9255-163A367A63D1}.Debug|x64.ActiveCfg = Debug|Any CPU
		{C6256F8B-5428-4F50-9255-163A367A63D1}.Debug|x64.Build.0 = Debug|Any CPU
		{C6256F8B-5428-4F50-9255-163A367A63D1}.Release|Any CPU.ActiveCfg = Release|Any CPU
		{C6256F8B-5428-4F50-9255-163A367A63D1}.Release|Any CPU.Build.0 = Release|Any CPU
		{C6256F8B-5428-4F50-9255-163A367A63D1}.Release|x64.ActiveCfg = Release|Any CPU
		{C6256F8B-5428-4F50-9255-163A367A63D1}.Release|x64.Build.0 = Release|Any CPU
		{7CE2CC12-5953-44E1-8095-D18E1D6A0272}.Debug|Any CPU.ActiveCfg = Debug|Any CPU
		{7CE2CC12-5953-44E1-8095-D18E1D6A0272}.Debug|Any CPU.Build.0 = Debug|Any CPU
		{7CE2CC12-5953-44E1-8095-D18E1D6A0272}.Debug|x64.ActiveCfg = Debug|Any CPU
		{7CE2CC12-5953-44E1-8095-D18E1D6A0272}.Debug|x64.Build.0 = Debug|Any CPU
		{7CE2CC12-5953-44E1-8095-D18E1D6A0272}.Release|Any CPU.ActiveCfg = Release|Any CPU
		{7CE2CC12-5953-44E1-8095-D18E1D6A0272}.Release|Any CPU.Build.0 = Release|Any CPU
		{7CE2CC12-5953-44E1-8095-D18E1D6A0272}.Release|x64.ActiveCfg = Release|Any CPU
		{7CE2CC12-5953-44E1-8095-D18E1D6A0272}.Release|x64.Build.0 = Release|Any CPU
	EndGlobalSection
	GlobalSection(SolutionProperties) = preSolution
		HideSolutionNode = FALSE
	EndGlobalSection
	GlobalSection(ExtensibilityGlobals) = postSolution
		SolutionGuid = {95638E01-39F8-4B79-B714-E3625BD12CE8}
	EndGlobalSection
EndGlobal
